{
	"name": "nims-dbms",
	"version": "0.7.2",
	"lockfileVersion": 2,
	"requires": true,
	"packages": {
		"": {
			"name": "nims-dbms",
			"version": "0.7.2",
			"dependencies": {
				"@types/dateformat": "^5.0.0",
				"ajv": "^6.12.6",
				"dateformat": "^5.0.3",
				"ramda": "^0.32.0"
			},
			"devDependencies": {
				"@types/ramda": "^0.32.0",
				"typescript": "^5.9.3"
			}
		},
		"node_modules/@types/dateformat": {
			"version": "5.0.3",
			"resolved": "https://registry.npmjs.org/@types/dateformat/-/dateformat-5.0.3.tgz",
			"integrity": "sha512-hvskLa9ObgUwJe0rtfkyBbU+VIK8Ia3BACsxRsp4CPnyPBAOyIHbqImfBGFfaVVxn82wGx5SD8Twll6jMc/BaQ=="
		},
		"node_modules/@types/ramda": {
			"version": "0.32.0",
			"resolved": "https://registry.npmjs.org/@types/ramda/-/ramda-0.32.0.tgz",
			"integrity": "sha512-eTRIFYUxjVvZimlPNpXzXc3j4tnSYc7lBsD7X3zwtRvJML3qXclM4+m8vvmAZAHhBASKPmZAp6qu2C/DwJpBGQ==",
			"dev": true,
			"dependencies": {
				"types-ramda": "^0.32.0"
			}
		},
		"node_modules/ajv": {
			"version": "6.15.0",
			"resolved": "https://registry.npmjs.org/ajv/-/ajv-6.15.0.tgz",
			"integrity": "sha512-fgFx7Hfoq60ytK2c7DhnF8jIvzYgOMxfugjLOSMHjLIPgenqa7S7oaagATUq99mV6IYvN2tRmC0wnTYX6iPbMw==",
			"dependencies": {
				"fast-deep-equal": "^3.1.1",
				"fast-json-stable-stringify": "^2.0.0",
				"json-schema-traverse": "^0.4.1",
				"uri-js": "^4.2.2"
			},
			"funding": {
				"type": "github",
				"url": "https://github.com/sponsors/epoberezkin"
			}
		},
		"node_modules/dateformat": {
			"version": "5.0.3",
			"resolved": "https://registry.npmjs.org/dateformat/-/dateformat-5.0.3.tgz",
			"integrity": "sha512-Kvr6HmPXUMerlLcLF+Pwq3K7apHpYmGDVqrxcDasBg86UcKeTSNWbEzU8bwdXnxnR44FtMhJAxI4Bov6Y/KUfA==",
			"engines": {
				"node": ">=12.20"
			}
		},
		"node_modules/fast-deep-equal": {
			"version": "3.1.3",
			"resolved": "https://registry.npmjs.org/fast-deep-equal/-/fast-deep-equal-3.1.3.tgz",
			"integrity": "sha512-f3qQ9oQy9j2AhBe/H9VC91wLmKBCCU/gDOnKNAYG5hswO7BLKj09Hc5HYNz9cGI++xlpDCIgDaitVs03ATR84Q=="
		},
		"node_modules/fast-json-stable-stringify": {
			"version": "2.1.0",
			"resolved": "https://registry.npmjs.org/fast-json-stable-stringify/-/fast-json-stable-stringify-2.1.0.tgz",
			"integrity": "sha512-lhd/wF+Lk98HZoTCtlVraHtfh5XYijIjalXck7saUtuanSDyLMxnHhSXEDJqHxD7msR8D0uCmqlkwjCV8xvwHw=="
		},
		"node_modules/json-schema-traverse": {
			"version": "0.4.1",
			"resolved": "https://registry.npmjs.org/json-schema-traverse/-/json-schema-traverse-0.4.1.tgz",
			"integrity": "sha512-xbbCH5dCYU5T8LcEhhuh7HJ88HXuW3qsI3Y0zOZFKfZEHcpWiHU/Jxzk629Brsab/mMiHQti9wMP+845RPe3Vg=="
		},
		"node_modules/punycode": {
			"version": "2.3.1",
			"resolved": "https://registry.npmjs.org/punycode/-/punycode-2.3.1.tgz",
			"integrity": "sha512-vYt7UD1U9Wg6138shLtLOvdAu+8DsC/ilFtEVHcH+wydcSpNE20AfSOduf6MkRFahL5FY7X1oU7nKVZFtfq8Fg==",
			"engines": {
				"node": ">=6"
			}
		},
		"node_modules/ramda": {
			"version": "0.32.0",
			"resolved": "https://registry.npmjs.org/ramda/-/ramda-0.32.0.tgz",
			"integrity": "sha512-GQWAHhxhxWBWA8oIBr1XahFVjQ9Fic6MK9ikijfd4TZHfE2+urfk+irVlR5VOn48uwMgM+loRRBJd6Yjsbc0zQ==",
			"funding": {
				"type": "opencollective",
				"url": "https://opencollective.com/ramda"
			}
		},
		"node_modules/ts-toolbelt": {
			"version": "9.6.0",
			"resolved": "https://registry.npmjs.org/ts-toolbelt/-/ts-toolbelt-9.6.0.tgz",
			"integrity": "sha512-nsZd8ZeNUzukXPlJmTBwUAuABDe/9qtVDelJeT/qW0ow3ZS3BsQJtNkan1802aM9Uf68/Y8ljw86Hu0h5IUW3w==",
			"dev": true
		},
		"node_modules/types-ramda": {
			"version": "0.32.0",
			"resolved": "https://registry.npmjs.org/types-ramda/-/types-ramda-0.32.0.tgz",
			"integrity": "sha512-iZtriSUdsDqOlip/wUaDNcoiskbVf5RdcqLNpQdUcOM1JKFClochCvPZCDjn/cc9HzoBzi4DEB4iPr1PbrhN1w==",
			"dev": true,
			"dependencies": {
				"ts-toolbelt": "^9.6.0"
			}
		},
		"node_modules/typescript": {
			"version": "5.9.3",
			"resolved": "https://registry.npmjs.org/typescript/-/typescript-5.9.3.tgz",
			"integrity": "sha512-jl1vZzPDinLr9eUt3J/t7V6FgNEw9QjvBPdysz9KfQDD41fQrC2Y4vKQdiaUpFT4bXlb1RHhLpp8wtm6M5TgSw==",
			"dev": true,
			"bin": {
				"tsc": "bin/tsc",
				"tsserver": "bin/tsserver"
			},
			"engines": {
				"node": ">=14.17"
			}
		},
		"node_modules/uri-js": {
			"version": "4.4.1",
			"resolved": "https://registry.npmjs.org/uri-js/-/uri-js-4.4.1.tgz",
			"integrity": "sha512-7rKUyy33Q1yc98pQ1DAmLtwX109F7TIfWlW1Ydo8Wl1ii1SeHieeh0HHfPeL2fMXK6z0s8ecKs9frCuLJvndBg==",
			"dependencies": {
				"punycode": "^2.1.0"
			}
		}
	},
	"dependencies": {
		"@types/dateformat": {
			"version": "5.0.3",
			"resolved": "https://registry.npmjs.org/@types/dateformat/-/dateformat-5.0.3.tgz",
			"integrity": "sha512-hvskLa9ObgUwJe0rtfkyBbU+VIK8Ia3BACsxRsp4CPnyPBAOyIHbqImfBGFfaVVxn82wGx5SD8Twll6jMc/BaQ=="
		},
		"@types/ramda": {
			"version": "0.32.0",
			"resolved": "https://registry.npmjs.org/@types/ramda/-/ramda-0.32.0.tgz",
			"integrity": "sha512-eTRIFYUxjVvZimlPNpXzXc3j4tnSYc7lBsD7X3zwtRvJML3qXclM4+m8vvmAZAHhBASKPmZAp6qu2C/DwJpBGQ==",
			"dev": true,
			"requires": {
				"types-ramda": "^0.32.0"
			}
		},
		"ajv": {
			"version": "6.15.0",
			"resolved": "https://registry.npmjs.org/ajv/-/ajv-6.15.0.tgz",
			"integrity": "sha512-fgFx7Hfoq60ytK2c7DhnF8jIvzYgOMxfugjLOSMHjLIPgenqa7S7oaagATUq99mV6IYvN2tRmC0wnTYX6iPbMw==",
			"requires": {
				"fast-deep-equal": "^3.1.1",
				"fast-json-stable-stringify": "^2.0.0",
				"json-schema-traverse": "^0.4.1",
				"uri-js": "^4.2.2"
			}
		},
		"dateformat": {
			"version": "5.0.3",
			"resolved": "https://registry.npmjs.org/dateformat/-/dateformat-5.0.3.tgz",
			"integrity": "sha512-Kvr6HmPXUMerlLcLF+Pwq3K7apHpYmGDVqrxcDasBg86UcKeTSNWbEzU8bwdXnxnR44FtMhJAxI4Bov6Y/KUfA=="
		},
		"fast-deep-equal": {
			"version": "3.1.3",
			"resolved": "https://registry.npmjs.org/fast-deep-equal/-/fast-deep-equal-3.1.3.tgz",
			"integrity": "sha512-f3qQ9oQy9j2AhBe/H9VC91wLmKBCCU/gDOnKNAYG5hswO7BLKj09Hc5HYNz9cGI++xlpDCIgDaitVs03ATR84Q=="
		},
		"fast-json-stable-stringify": {
			"version": "2.1.0",
			"resolved": "https://registry.npmjs.org/fast-json-stable-stringify/-/fast-json-stable-stringify-2.1.0.tgz",
			"integrity": "sha512-lhd/wF+Lk98HZoTCtlVraHtfh5XYijIjalXck7saUtuanSDyLMxnHhSXEDJqHxD7msR8D0uCmqlkwjCV8xvwHw=="
		},
		"json-schema-traverse": {
			"version": "0.4.1",
			"resolved": "https://registry.npmjs.org/json-schema-traverse/-/json-schema-traverse-0.4.1.tgz",
			"integrity": "sha512-xbbCH5dCYU5T8LcEhhuh7HJ88HXuW3qsI3Y0zOZFKfZEHcpWiHU/Jxzk629Brsab/mMiHQti9wMP+845RPe3Vg=="
		},
		"punycode": {
			"version": "2.3.1",
			"resolved": "https://registry.npmjs.org/punycode/-/punycode-2.3.1.tgz",
			"integrity": "sha512-vYt7UD1U9Wg6138shLtLOvdAu+8DsC/ilFtEVHcH+wydcSpNE20AfSOduf6MkRFahL5FY7X1oU7nKVZFtfq8Fg=="
		},
		"ramda": {
			"version": "0.32.0",
			"resolved": "https://registry.npmjs.org/ramda/-/ramda-0.32.0.tgz",
			"integrity": "sha512-GQWAHhxhxWBWA8oIBr1XahFVjQ9Fic6MK9ikijfd4TZHfE2+urfk+irVlR5VOn48uwMgM+loRRBJd6Yjsbc0zQ=="
		},
		"ts-toolbelt": {
			"version": "9.6.0",
			"resolved": "https://registry.npmjs.org/ts-toolbelt/-/ts-toolbelt-9.6.0.tgz",
			"integrity": "sha512-nsZd8ZeNUzukXPlJmTBwUAuABDe/9qtVDelJeT/qW0ow3ZS3BsQJtNkan1802aM9Uf68/Y8ljw86Hu0h5IUW3w==",
			"dev": true
		},
		"types-ramda": {
			"version": "0.32.0",
			"resolved": "https://registry.npmjs.org/types-ramda/-/types-ramda-0.32.0.tgz",
			"integrity": "sha512-iZtriSUdsDqOlip/wUaDNcoiskbVf5RdcqLNpQdUcOM1JKFClochCvPZCDjn/cc9HzoBzi4DEB4iPr1PbrhN1w==",
			"dev": true,
			"requires": {
				"ts-toolbelt": "^9.6.0"
			}
		},
		"typescript": {
			"version": "5.9.3",
			"resolved": "https://registry.npmjs.org/typescript/-/typescript-5.9.3.tgz",
			"integrity": "sha512-jl1vZzPDinLr9eUt3J/t7V6FgNEw9QjvBPdysz9KfQDD41fQrC2Y4vKQdiaUpFT4bXlb1RHhLpp8wtm6M5TgSw==",
			"dev": true
		},
		"uri-js": {
			"version": "4.4.1",
			"resolved": "https://registry.npmjs.org/uri-js/-/uri-js-4.4.1.tgz",
			"integrity": "sha512-7rKUyy33Q1yc98pQ1DAmLtwX109F7TIfWlW1Ydo8Wl1ii1SeHieeh0HHfPeL2fMXK6z0s8ecKs9frCuLJvndBg==",
			"requires": {
				"punycode": "^2.1.0"
			}
		}
	}
}
